
Microsoft Visual Studio Solution File, Format Version 12.00
Project("{FAE04EC0-301F-11D3-BF4B-00C04F79EFBC}") = "Api", "Api\Api.csproj", "{7A4B865C-5D4A-4457-8A22-1661F3AE6534}"
EndProject
Project("{2150E333-8FDC-42A3-9474-1A3956D46DE8}") = "Solution Items", "Solution Items", "{ECAB25FC-BEEC-4E18-9B68-8E7677C02CD3}"
	ProjectSection(SolutionItems) = preProject
		compose.yaml = compose.yaml
		.env = .env
		compose.prod.yaml = compose.prod.yaml
		compose.qa.yaml = compose.qa.yaml
		.env.qa.example = .env.qa.example
	EndProjectSection
EndProject
Project("{FAE04EC0-301F-11D3-BF4B-00C04F79EFBC}") = "Data", "Data\Data.csproj", "{D67AEA6B-216D-485C-A55B-CF853167E197}"
EndProject
Project("{FAE04EC0-301F-11D3-BF4B-00C04F79EFBC}") = "Core", "Core\Core.csproj", "{DA375588-1E6B-46B1-8FFB-7E5732B44D39}"
EndProject
Project("{FAE04EC0-301F-11D3-BF4B-00C04F79EFBC}") = "Ingestor", "Ingestor\Ingestor.csproj", "{FD571A3A-1C14-4712-8A47-B03EC5F51825}"
EndProject
Project("{2150E333-8FDC-42A3-9474-1A3956D46DE8}") = "tests", "tests", "{0AB3BF05-4346-4AA6-1389-037BE0695223}"
EndProject
Project("{FAE04EC0-301F-11D3-BF4B-00C04F79EFBC}") = "TrueMain.UnitTests", "tests\TrueMain.UnitTests\TrueMain.UnitTests.csproj", "{08FE1390-D675-49F5-8313-45016BB9D5BF}"
EndProject
Project("{FAE04EC0-301F-11D3-BF4B-00C04F79EFBC}") = "TrueMain.IntegrationTests", "tests\TrueMain.IntegrationTests\TrueMain.IntegrationTests.csproj", "{77B57BCC-07FF-4034-9194-C37355FED16B}"
EndProject
Global
	GlobalSection(SolutionConfigurationPlatforms) = preSolution
		Debug|Any CPU = Debug|Any CPU
		Debug|x64 = Debug|x64
		Debug|x86 = Debug|x86
		Release|Any CPU = Release|Any CPU
		Release|x64 = Release|x64
		Release|x86 = Release|x86
	EndGlobalSection
	GlobalSection(ProjectConfigurationPlatforms) = postSolution
		{7A4B865C-5D4A-4457-8A22-1661F3AE6534}.Debug|Any CPU.ActiveCfg = Debug|Any CPU
		{7A4B865C-5D4A-4457-8A22-1661F3AE6534}.Debug|Any CPU.Build.0 = Debug|Any CPU
		{7A4B865C-5D4A-4457-8A22-1661F3AE6534}.Debug|x64.ActiveCfg = Debug|Any CPU
		{7A4B865C-5D4A-4457-8A22-1661F3AE6534}.Debug|x64.Build.0 = Debug|Any CPU
		{7A4B865C-5D4A-4457-8A22-1661F3AE6534}.Debug|x86.ActiveCfg = Debug|Any CPU
		{7A4B865C-5D4A-4457-8A22-1661F3AE6534}.Debug|x86.Build.0 = Debug|Any CPU
		{7A4B865C-5D4A-4457-8A22-1661F3AE6534}.Release|Any CPU.ActiveCfg = Release|Any CPU
		{7A4B865C-5D4A-4457-8A22-1661F3AE6534}.Release|Any CPU.Build.0 = Release|Any CPU
		{7A4B865C-5D4A-4457-8A22-1661F3AE6534}.Release|x64.ActiveCfg = Release|Any CPU
		{7A4B865C-5D4A-4457-8A22-1661F3AE6534}.Release|x64.Build.0 = Release|Any CPU
		{7A4B865C-5D4A-4457-8A22-1661F3AE6534}.Release|x86.ActiveCfg = Release|Any CPU
		{7A4B865C-5D4A-4457-8A22-1661F3AE6534}.Release|x86.Build.0 = Release|Any CPU
		{D67AEA6B-216D-485C-A55B-CF853167E197}.Debug|Any CPU.ActiveCfg = Debug|Any CPU
		{D67AEA6B-216D-485C-A55B-CF853167E197}.Debug|Any CPU.Build.0 = Debug|Any CPU
		{D67AEA6B-216D-485C-A55B-CF853167E197}.Debug|x64.ActiveCfg = Debug|Any CPU
		{D67AEA6B-216D-485C-A55B-CF853167E197}.Debug|x64.Build.0 = Debug|Any CPU
		{D67AEA6B-216D-485C-A55B-CF853167E197}.Debug|x86.ActiveCfg = Debug|Any CPU
		{D67AEA6B-216D-485C-A55B-CF853167E197}.Debug|x86.Build.0 = Debug|Any CPU
		{D67AEA6B-216D-485C-A55B-CF853167E197}.Release|Any CPU.ActiveCfg = Release|Any CPU
		{D67AEA6B-216D-485C-A55B-CF853167E197}.Release|Any CPU.Build.0 = Release|Any CPU
		{D67AEA6B-216D-485C-A55B-CF853167E197}.Release|x64.ActiveCfg = Release|Any CPU
		{D67AEA6B-216D-485C-A55B-CF853167E197}.Release|x64.Build.0 = Release|Any CPU
		{D67AEA6B-216D-485C-A55B-CF853167E197}.Release|x86.ActiveCfg = Release|Any CPU
		{D67AEA6B-216D-485C-A55B-CF853167E197}.Release|x86.Build.0 = Release|Any CPU
		{DA375588-1E6B-46B1-8FFB-7E5732B44D39}.Debug|Any CPU.ActiveCfg = Debug|Any CPU
		{DA375588-1E6B-46B1-8FFB-7E5732B44D39}.Debug|Any CPU.Build.0 = Debug|Any CPU
		{DA375588-1E6B-46B1-8FFB-7E5732B44D39}.Debug|x64.ActiveCfg = Debug|Any CPU
		{DA375588-1E6B-46B1-8FFB-7E5732B44D39}.Debug|x64.Build.0 = Debug|Any CPU
		{DA375588-1E6B-46B1-8FFB-7E5732B44D39}.Debug|x86.ActiveCfg = Debug|Any CPU
		{DA375588-1E6B-46B1-8FFB-7E5732B44D39}.Debug|x86.Build.0 = Debug|Any CPU
		{DA375588-1E6B-46B1-8FFB-7E5732B44D39}.Release|Any CPU.ActiveCfg = Release|Any CPU
		{DA375588-1E6B-46B1-8FFB-7E5732B44D39}.Release|Any CPU.Build.0 = Release|Any CPU
		{DA375588-1E6B-46B1-8FFB-7E5732B44D39}.Release|x64.ActiveCfg = Release|Any CPU
		{DA375588-1E6B-46B1-8FFB-7E5732B44D39}.Release|x64.Build.0 = Release|Any CPU
		{DA375588-1E6B-46B1-8FFB-7E5732B44D39}.Release|x86.ActiveCfg = Release|Any CPU
		{DA375588-1E6B-46B1-8FFB-7E5732B44D39}.Release|x86.Build.0 = Release|Any CPU
		{FD571A3A-1C14-4712-8A47-B03EC5F51825}.Debug|Any CPU.ActiveCfg = Debug|Any CPU
		{FD571A3A-1C14-4712-8A47-B03EC5F51825}.Debug|Any CPU.Build.0 = Debug|Any CPU
		{FD571A3A-1C14-4712-8A47-B03EC5F51825}.Debug|x64.ActiveCfg = Debug|Any CPU
		{FD571A3A-1C14-4712-8A47-B03EC5F51825}.Debug|x64.Build.0 = Debug|Any CPU
		{FD571A3A-1C14-4712-8A47-B03EC5F51825}.Debug|x86.ActiveCfg = Debug|Any CPU
		{FD571A3A-1C14-4712-8A47-B03EC5F51825}.Debug|x86.Build.0 = Debug|Any CPU
		{FD571A3A-1C14-4712-8A47-B03EC5F51825}.Release|Any CPU.ActiveCfg = Release|Any CPU
		{FD571A3A-1C14-4712-8A47-B03EC5F51825}.Release|Any CPU.Build.0 = Release|Any CPU
		{FD571A3A-1C14-4712-8A47-B03EC5F51825}.Release|x64.ActiveCfg = Release|Any CPU
		{FD571A3A-1C14-4712-8A47-B03EC5F51825}.Release|x64.Build.0 = Release|Any CPU
		{FD571A3A-1C14-4712-8A47-B03EC5F51825}.Release|x86.ActiveCfg = Release|Any CPU
		{FD571A3A-1C14-4712-8A47-B03EC5F51825}.Release|x86.Build.0 = Release|Any CPU
		{08FE1390-D675-49F5-8313-45016BB9D5BF}.Debug|Any CPU.ActiveCfg = Debug|Any CPU
		{08FE1390-D675-49F5-8313-45016BB9D5BF}.Debug|Any CPU.Build.0 = Debug|Any CPU
		{08FE1390-D675-49F5-8313-45016BB9D5BF}.Debug|x64.ActiveCfg = Debug|Any CPU
		{08FE1390-D675-49F5-8313-45016BB9D5BF}.Debug|x64.Build.0 = Debug|Any CPU
		{08FE1390-D675-49F5-8313-45016BB9D5BF}.Debug|x86.ActiveCfg = Debug|Any CPU
		{08FE1390-D675-49F5-8313-45016BB9D5BF}.Debug|x86.Build.0 = Debug|Any CPU
		{08FE1390-D675-49F5-8313-45016BB9D5BF}.Release|Any CPU.ActiveCfg = Release|Any CPU
		{08FE1390-D675-49F5-8313-45016BB9D5BF}.Release|Any CPU.Build.0 = Release|Any CPU
		{08FE1390-D675-49F5-8313-45016BB9D5BF}.Release|x64.ActiveCfg = Release|Any CPU
		{08FE1390-D675-49F5-8313-45016BB9D5BF}.Release|x64.Build.0 = Release|Any CPU
		{08FE1390-D675-49F5-8313-45016BB9D5BF}.Release|x86.ActiveCfg = Release|Any CPU
		{08FE1390-D675-49F5-8313-45016BB9D5BF}.Release|x86.Build.0 = Release|Any CPU
		{77B57BCC-07FF-4034-9194-C37355FED16B}.Debug|Any CPU.ActiveCfg = Debug|Any CPU
		{77B57BCC-07FF-4034-9194-C37355FED16B}.Debug|Any CPU.Build.0 = Debug|Any CPU
		{77B57BCC-07FF-4034-9194-C37355FED16B}.Debug|x64.ActiveCfg = Debug|Any CPU
		{77B57BCC-07FF-4034-9194-C37355FED16B}.Debug|x64.Build.0 = Debug|Any CPU
		{77B57BCC-07FF-4034-9194-C37355FED16B}.Debug|x86.ActiveCfg = Debug|Any CPU
		{77B57BCC-07FF-4034-9194-C37355FED16B}.Debug|x86.Build.0 = Debug|Any CPU
		{77B57BCC-07FF-4034-9194-C37355FED16B}.Release|Any CPU.ActiveCfg = Release|Any CPU
		{77B57BCC-07FF-4034-9194-C37355FED16B}.Release|Any CPU.Build.0 = Release|Any CPU
		{77B57BCC-07FF-4034-9194-C37355FED16B}.Release|x64.ActiveCfg = Release|Any CPU
		{77B57BCC-07FF-4034-9194-C37355FED16B}.Release|x64.Build.0 = Release|Any CPU
		{77B57BCC-07FF-4034-9194-C37355FED16B}.Release|x86.ActiveCfg = Release|Any CPU
		{77B57BCC-07FF-4034-9194-C37355FED16B}.Release|x86.Build.0 = Release|Any CPU
	EndGlobalSection
	GlobalSection(SolutionProperties) = preSolution
		HideSolutionNode = FALSE
	EndGlobalSection
	GlobalSection(NestedProjects) = preSolution
		{08FE1390-D675-49F5-8313-45016BB9D5BF} = {0AB3BF05-4346-4AA6-1389-037BE0695223}
		{77B57BCC-07FF-4034-9194-C37355FED16B} = {0AB3BF05-4346-4AA6-1389-037BE0695223}
	EndGlobalSection
EndGlobal
